
Microsoft Visual Studio Solution File, Format Version 12.00
# Visual Studio Version 16
VisualStudioVersion = 16.0.31515.178
MinimumVisualStudioVersion = 10.0.40219.1
Project("{9A19103F-16F7-4668-BE54-9A1E7A4F7556}") = "ReceiverFunction", "ReceiverFunction\ReceiverFunction.csproj", "{9BA8FD22-1682-485D-9F4E-D4E50B1B0F26}"
EndProject
Project("{9A19103F-16F7-4668-BE54-9A1E7A4F7556}") = "SenderFunction", "SenderFunction\SenderFunction.csproj", "{CD516911-E791-467A-B008-95E7C0B5223A}"
EndProject
Global
	GlobalSection(SolutionConfigurationPlatforms) = preSolution
		Debug|Any CPU = Debug|Any CPU
		Release|Any CPU = Release|Any CPU
	EndGlobalSection
	GlobalSection(ProjectConfigurationPlatforms) = postSolution
		{9BA8FD22-1682-485D-9F4E-D4E50B1B0F26}.Debug|Any CPU.ActiveCfg = Debug|Any CPU
		{9BA8FD22-1682-485D-9F4E-D4E50B1B0F26}.Debug|Any CPU.Build.0 = Debug|Any CPU
		{9BA8FD22-1682-485D-9F4E-D4E50B1B0F26}.Release|Any CPU.ActiveCfg = Release|Any CPU
		{9BA8FD22-1682-485D-9F4E-D4E50B1B0F26}.Release|Any CPU.Build.0 = Release|Any CPU
		{CD516911-E791-467A-B008-95E7C0B5223A}.Debug|Any CPU.ActiveCfg = Debug|Any CPU
		{CD516911-E791-467A-B008-95E7C0B5223A}.Debug|Any CPU.Build.0 = Debug|Any CPU
		{CD516911-E791-467A-B008-95E7C0B5223A}.Release|Any CPU.ActiveCfg = Release|Any CPU
		{CD516911-E791-467A-B008-95E7C0B5223A}.Release|Any CPU.Build.0 = Release|Any CPU
	EndGlobalSection
	GlobalSection(SolutionProperties) = preSolution
		HideSolutionNode = FALSE
	EndGlobalSection
	GlobalSection(ExtensibilityGlobals) = postSolution
		SolutionGuid = {8CD5B8D4-E0B5-420C-9A1C-B6684E6C1874}
	EndGlobalSection
EndGlobal
